
Microsoft Visual Studio Solution File, Format Version 12.00
# Visual Studio Version 16
VisualStudioVersion = 16.0.30907.101
MinimumVisualStudioVersion = 10.0.40219.1
Project("{FAE04EC0-301F-11D3-BF4B-00C04F79EFBC}") = "Threads_Patterns", "MultyTrades\Threads_Patterns.csproj", "{C0DB4441-9658-45B3-9685-B4A5674BEAB1}"
EndProject
Project("{FAE04EC0-301F-11D3-BF4B-00C04F79EFBC}") = "Delegate", "Delegate\Delegate.csproj", "{9FD73FCD-3E8F-4676-A648-E7714DBF5FF2}"
EndProject
Project("{FAE04EC0-301F-11D3-BF4B-00C04F79EFBC}") = "Linq", "Linq\Linq.csproj", "{7483448E-0B77-45C3-80D0-0ECA27803F4E}"
EndProject
Project("{FAE04EC0-301F-11D3-BF4B-00C04F79EFBC}") = "Events", "EventsDelegates\Events.csproj", "{DEA66843-02EA-4501-92ED-2F955D172F80}"
EndProject
Project("{FAE04EC0-301F-11D3-BF4B-00C04F79EFBC}") = "PG_DUMP", "PG_DUMP\PG_DUMP.csproj", "{8CF0AE2C-448F-4FC9-B97A-EA9F1F97DB73}"
EndProject
Project("{FAE04EC0-301F-11D3-BF4B-00C04F79EFBC}") = "JIRA", "JIRA\JIRA.csproj", "{8CE459AA-FAC6-40B7-A8A0-7DF2A9ACC794}"
EndProject
Project("{FAE04EC0-301F-11D3-BF4B-00C04F79EFBC}") = "Tasks", "Tasks\Tasks.csproj", "{BADD66A9-4830-4F35-B88E-F6CD96AF5373}"
EndProject
Project("{2150E333-8FDC-42A3-9474-1A3956D46DE8}") = "Treads_Tasks_Patterns", "Treads_Tasks_Patterns", "{B6C33480-69DA-4058-8A58-5BFC563698CD}"
	ProjectSection(SolutionItems) = preProject
		Thems_Of_Block.txt = Thems_Of_Block.txt
	EndProjectSection
EndProject
Project("{2150E333-8FDC-42A3-9474-1A3956D46DE8}") = "Delegate_Events_Linq", "Delegate_Events_Linq", "{ABAD8FDF-0521-4C16-A9D2-BFAAFC2934F1}"
	ProjectSection(SolutionItems) = preProject
		Theme_Of_Block.txt = Theme_Of_Block.txt
	EndProjectSection
EndProject
Project("{2150E333-8FDC-42A3-9474-1A3956D46DE8}") = "Help Things", "Help Things", "{2A03F4C8-6A9D-4EC2-B59C-A65200D4AA3E}"
	ProjectSection(SolutionItems) = preProject
		Multi_Servises\Files.txt\Adraha_Atkana_Docker_24-02-21.txt = Multi_Servises\Files.txt\Adraha_Atkana_Docker_24-02-21.txt
		Log4Net_for.Net_Core.txt = Log4Net_for.Net_Core.txt
		RABBIT_MQ.txt = RABBIT_MQ.txt
	EndProjectSection
EndProject
Project("{FAE04EC0-301F-11D3-BF4B-00C04F79EFBC}") = "L50_Style_Trigger_DataBindingSlider", "L50\L50_Style_Trigger_DataBindingSlider.csproj", "{D14DDEC8-C8C9-47FA-BD37-6710C8E6B208}"
EndProject
Project("{2150E333-8FDC-42A3-9474-1A3956D46DE8}") = "WPF", "WPF", "{F62DEF91-E620-4445-B80E-52BB4330EF0C}"
	ProjectSection(SolutionItems) = preProject
		WPF-Theoria.txt = WPF-Theoria.txt
		WPF_Question.txt = WPF_Question.txt
	EndProjectSection
EndProject
Project("{FAE04EC0-301F-11D3-BF4B-00C04F79EFBC}") = "L51_Event Trigger_Anime", "L51\L51_Event Trigger_Anime.csproj", "{3138FBCD-3F38-43AD-A398-853E26260E22}"
EndProject
Project("{FAE04EC0-301F-11D3-BF4B-00C04F79EFBC}") = "WpfApp3", "..\..\..\Desktop\Itay\14.07.2019-master\WpfApp3\WpfApp3\WpfApp3.csproj", "{8C7173B9-301B-42DB-B935-44607CE430B1}"
EndProject
Project("{2150E333-8FDC-42A3-9474-1A3956D46DE8}") = "14-03-21", "14-03-21", "{03D199D1-4DEE-4ABB-952D-1518F0F13CB1}"
EndProject
Project("{FAE04EC0-301F-11D3-BF4B-00C04F79EFBC}") = "WpfApp4", "..\..\..\Desktop\Itay\14.07.2019-master\WPFExercise\WpfApp4\WpfApp4.csproj", "{9336B96C-6DF1-41CC-B359-22C3E90A3AAE}"
EndProject
Project("{2150E333-8FDC-42A3-9474-1A3956D46DE8}") = "17-03-21", "17-03-21", "{04E10C65-0D60-409E-8B01-A997193DA0D7}"
EndProject
Project("{FAE04EC0-301F-11D3-BF4B-00C04F79EFBC}") = "ComboBox_WPF", "WpfApp1\ComboBox_WPF.csproj", "{02486227-18CE-4979-A690-8B32E5AF4DA3}"
EndProject
Project("{FAE04EC0-301F-11D3-BF4B-00C04F79EFBC}") = "WpfMvvm2403", "..\..\..\Desktop\Itay\24.03.2021-master\mvvm\WpfMvvm2403\WpfMvvm2403\WpfMvvm2403.csproj", "{64740A63-271B-4AB4-9832-FA8636049913}"
EndProject
Project("{FAE04EC0-301F-11D3-BF4B-00C04F79EFBC}") = "FlightsProject", "..\..\..\Desktop\Itay\24.03.2021-master\part2\RabbitConsumer\FlightsProject\FlightsProject.csproj", "{FC704C1B-8814-4FD2-BBA2-249A543221BC}"
EndProject
Project("{FAE04EC0-301F-11D3-BF4B-00C04F79EFBC}") = "RabbitProducer1", "..\..\..\Desktop\Itay\24.03.2021-master\part2\RabbitProducer\RabbitProducer\RabbitProducer1.csproj", "{2EEEC47B-9078-4B2C-8270-7CC13CA0558D}"
EndProject
Project("{FAE04EC0-301F-11D3-BF4B-00C04F79EFBC}") = "RabbitConsumer1", "..\..\..\Desktop\Itay\24.03.2021-master\part2\RabbitConsumer\RabbitConsumer\RabbitConsumer1.csproj", "{CCC7BF6E-6164-4E2A-9198-E37E8CF9454C}"
EndProject
Project("{FAE04EC0-301F-11D3-BF4B-00C04F79EFBC}") = "RabbitConsumer", "..\..\..\Desktop\Itay\24.03.2021-master\RabbitConsumer\RabbitConsumer\RabbitConsumer.csproj", "{AAF6C546-7B7E-4781-BCCD-969D8DE019F0}"
EndProject
Project("{FAE04EC0-301F-11D3-BF4B-00C04F79EFBC}") = "RabbitProducer", "..\..\..\Desktop\Itay\24.03.2021-master\RabbitProducer\RabbitProducer\RabbitProducer.csproj", "{63E84B13-CE96-4DB6-AE3C-D55CC9286C4C}"
EndProject
Project("{FAE04EC0-301F-11D3-BF4B-00C04F79EFBC}") = "WPF210321", "..\..\..\Desktop\Itay\21.03.2021-master\WPF210321\WPF210321\WPF210321.csproj", "{F4D9BE7F-7506-4B2B-B8C4-528CBBFB9ADD}"
EndProject
Project("{FAE04EC0-301F-11D3-BF4B-00C04F79EFBC}") = "WpfDataBindingd210312", "..\..\..\Desktop\Itay\21.03.2021-master\WpfDataBindingd210312\WpfDataBindingd210312.csproj", "{A96FEE5A-2C0D-4A5F-BDBF-8D9217C00C68}"
EndProject
Project("{FAE04EC0-301F-11D3-BF4B-00C04F79EFBC}") = "WpfDataContext", "..\..\..\Desktop\Itay\21.03.2021-master\WpfDataContext\WpfDataContext\WpfDataContext.csproj", "{88C2F6BD-6463-44B7-AEAE-59B2648725B9}"
EndProject
Project("{FAE04EC0-301F-11D3-BF4B-00C04F79EFBC}") = "WpfStyle2103", "..\..\..\Desktop\Itay\21.03.2021-master\WpfStyle2103\WpfStyle2103\WpfStyle2103.csproj", "{130BCBF6-1101-4C3D-9BAF-A798B8F72F1B}"
EndProject
Project("{FAE04EC0-301F-11D3-BF4B-00C04F79EFBC}") = "WpfTrigger2103", "..\..\..\Desktop\Itay\21.03.2021-master\WpfTrigger2103\WpfTrigger2103\WpfTrigger2103.csproj", "{F2FFA17D-4081-402D-B62C-ED0902CB8744}"
EndProject
Project("{2150E333-8FDC-42A3-9474-1A3956D46DE8}") = "Rabbit_FlightsProject", "Rabbit_FlightsProject", "{29940C21-CD8C-4523-87E5-F3D67EE8C1EF}"
EndProject
Project("{2150E333-8FDC-42A3-9474-1A3956D46DE8}") = "21-03-21", "21-03-21", "{ABE3F250-E775-4B55-A16F-7372962D34BE}"
EndProject
Project("{2150E333-8FDC-42A3-9474-1A3956D46DE8}") = "24-03-21", "24-03-21", "{A3D04DDE-00C7-4107-9863-C76FC7C552E8}"
EndProject
Project("{FAE04EC0-301F-11D3-BF4B-00C04F79EFBC}") = "L51_MVVM", "L51_MVVM\L51_MVVM.csproj", "{2EDE05D4-EA78-4C05-85D1-4DFBA09A6942}"
EndProject
Project("{FAE04EC0-301F-11D3-BF4B-00C04F79EFBC}") = "L52_RoutedEvent_BubblingEvent", "L52_RoutedEvent_ICommande\L52_RoutedEvent_BubblingEvent.csproj", "{CD4164CC-D90F-44D1-B3EB-FC761972864B}"
EndProject
Project("{FAE04EC0-301F-11D3-BF4B-00C04F79EFBC}") = "L52_ICommand", "L52_ICommand\L52_ICommand.csproj", "{CF735633-730B-4EC4-9BC3-FC980D9EB4B3}"
EndProject
Global
	GlobalSection(SolutionConfigurationPlatforms) = preSolution
		Debug|Any CPU = Debug|Any CPU
		Release|Any CPU = Release|Any CPU
	EndGlobalSection
	GlobalSection(ProjectConfigurationPlatforms) = postSolution
		{C0DB4441-9658-45B3-9685-B4A5674BEAB1}.Debug|Any CPU.ActiveCfg = Debug|Any CPU
		{C0DB4441-9658-45B3-9685-B4A5674BEAB1}.Debug|Any CPU.Build.0 = Debug|Any CPU
		{C0DB4441-9658-45B3-9685-B4A5674BEAB1}.Release|Any CPU.ActiveCfg = Release|Any CPU
		{C0DB4441-9658-45B3-9685-B4A5674BEAB1}.Release|Any CPU.Build.0 = Release|Any CPU
		{9FD73FCD-3E8F-4676-A648-E7714DBF5FF2}.Debug|Any CPU.ActiveCfg = Debug|Any CPU
		{9FD73FCD-3E8F-4676-A648-E7714DBF5FF2}.Debug|Any CPU.Build.0 = Debug|Any CPU
		{9FD73FCD-3E8F-4676-A648-E7714DBF5FF2}.Release|Any CPU.ActiveCfg = Release|Any CPU
		{9FD73FCD-3E8F-4676-A648-E7714DBF5FF2}.Release|Any CPU.Build.0 = Release|Any CPU
		{7483448E-0B77-45C3-80D0-0ECA27803F4E}.Debug|Any CPU.ActiveCfg = Debug|Any CPU
		{7483448E-0B77-45C3-80D0-0ECA27803F4E}.Debug|Any CPU.Build.0 = Debug|Any CPU
		{7483448E-0B77-45C3-80D0-0ECA27803F4E}.Release|Any CPU.ActiveCfg = Release|Any CPU
		{7483448E-0B77-45C3-80D0-0ECA27803F4E}.Release|Any CPU.Build.0 = Release|Any CPU
		{DEA66843-02EA-4501-92ED-2F955D172F80}.Debug|Any CPU.ActiveCfg = Debug|Any CPU
		{DEA66843-02EA-4501-92ED-2F955D172F80}.Debug|Any CPU.Build.0 = Debug|Any CPU
		{DEA66843-02EA-4501-92ED-2F955D172F80}.Release|Any CPU.ActiveCfg = Release|Any CPU
		{DEA66843-02EA-4501-92ED-2F955D172F80}.Release|Any CPU.Build.0 = Release|Any CPU
		{8CF0AE2C-448F-4FC9-B97A-EA9F1F97DB73}.Debug|Any CPU.ActiveCfg = Debug|Any CPU
		{8CF0AE2C-448F-4FC9-B97A-EA9F1F97DB73}.Debug|Any CPU.Build.0 = Debug|Any CPU
		{8CF0AE2C-448F-4FC9-B97A-EA9F1F97DB73}.Release|Any CPU.ActiveCfg = Release|Any CPU
		{8CF0AE2C-448F-4FC9-B97A-EA9F1F97DB73}.Release|Any CPU.Build.0 = Release|Any CPU
		{8CE459AA-FAC6-40B7-A8A0-7DF2A9ACC794}.Debug|Any CPU.ActiveCfg = Debug|Any CPU
		{8CE459AA-FAC6-40B7-A8A0-7DF2A9ACC794}.Debug|Any CPU.Build.0 = Debug|Any CPU
		{8CE459AA-FAC6-40B7-A8A0-7DF2A9ACC794}.Release|Any CPU.ActiveCfg = Release|Any CPU
		{8CE459AA-FAC6-40B7-A8A0-7DF2A9ACC794}.Release|Any CPU.Build.0 = Release|Any CPU
		{BADD66A9-4830-4F35-B88E-F6CD96AF5373}.Debug|Any CPU.ActiveCfg = Debug|Any CPU
		{BADD66A9-4830-4F35-B88E-F6CD96AF5373}.Debug|Any CPU.Build.0 = Debug|Any CPU
		{BADD66A9-4830-4F35-B88E-F6CD96AF5373}.Release|Any CPU.ActiveCfg = Release|Any CPU
		{BADD66A9-4830-4F35-B88E-F6CD96AF5373}.Release|Any CPU.Build.0 = Release|Any CPU
		{D14DDEC8-C8C9-47FA-BD37-6710C8E6B208}.Debug|Any CPU.ActiveCfg = Debug|Any CPU
		{D14DDEC8-C8C9-47FA-BD37-6710C8E6B208}.Debug|Any CPU.Build.0 = Debug|Any CPU
		{D14DDEC8-C8C9-47FA-BD37-6710C8E6B208}.Release|Any CPU.ActiveCfg = Release|Any CPU
		{D14DDEC8-C8C9-47FA-BD37-6710C8E6B208}.Release|Any CPU.Build.0 = Release|Any CPU
		{3138FBCD-3F38-43AD-A398-853E26260E22}.Debug|Any CPU.ActiveCfg = Debug|Any CPU
		{3138FBCD-3F38-43AD-A398-853E26260E22}.Debug|Any CPU.Build.0 = Debug|Any CPU
		{3138FBCD-3F38-43AD-A398-853E26260E22}.Release|Any CPU.ActiveCfg = Release|Any CPU
		{3138FBCD-3F38-43AD-A398-853E26260E22}.Release|Any CPU.Build.0 = Release|Any CPU
		{8C7173B9-301B-42DB-B935-44607CE430B1}.Debug|Any CPU.ActiveCfg = Debug|Any CPU
		{8C7173B9-301B-42DB-B935-44607CE430B1}.Debug|Any CPU.Build.0 = Debug|Any CPU
		{8C7173B9-301B-42DB-B935-44607CE430B1}.Release|Any CPU.ActiveCfg = Release|Any CPU
		{8C7173B9-301B-42DB-B935-44607CE430B1}.Release|Any CPU.Build.0 = Release|Any CPU
		{9336B96C-6DF1-41CC-B359-22C3E90A3AAE}.Debug|Any CPU.ActiveCfg = Debug|Any CPU
		{9336B96C-6DF1-41CC-B359-22C3E90A3AAE}.Debug|Any CPU.Build.0 = Debug|Any CPU
		{9336B96C-6DF1-41CC-B359-22C3E90A3AAE}.Release|Any CPU.ActiveCfg = Release|Any CPU
		{9336B96C-6DF1-41CC-B359-22C3E90A3AAE}.Release|Any CPU.Build.0 = Release|Any CPU
		{02486227-18CE-4979-A690-8B32E5AF4DA3}.Debug|Any CPU.ActiveCfg = Debug|Any CPU
		{02486227-18CE-4979-A690-8B32E5AF4DA3}.Debug|Any CPU.Build.0 = Debug|Any CPU
		{02486227-18CE-4979-A690-8B32E5AF4DA3}.Release|Any CPU.ActiveCfg = Release|Any CPU
		{02486227-18CE-4979-A690-8B32E5AF4DA3}.Release|Any CPU.Build.0 = Release|Any CPU
		{64740A63-271B-4AB4-9832-FA8636049913}.Debug|Any CPU.ActiveCfg = Debug|Any CPU
		{64740A63-271B-4AB4-9832-FA8636049913}.Debug|Any CPU.Build.0 = Debug|Any CPU
		{64740A63-271B-4AB4-9832-FA8636049913}.Release|Any CPU.ActiveCfg = Release|Any CPU
		{64740A63-271B-4AB4-9832-FA8636049913}.Release|Any CPU.Build.0 = Release|Any CPU
		{FC704C1B-8814-4FD2-BBA2-249A543221BC}.Debug|Any CPU.ActiveCfg = Debug|Any CPU
		{FC704C1B-8814-4FD2-BBA2-249A543221BC}.Debug|Any CPU.Build.0 = Debug|Any CPU
		{FC704C1B-8814-4FD2-BBA2-249A543221BC}.Release|Any CPU.ActiveCfg = Release|Any CPU
		{FC704C1B-8814-4FD2-BBA2-249A543221BC}.Release|Any CPU.Build.0 = Release|Any CPU
		{2EEEC47B-9078-4B2C-8270-7CC13CA0558D}.Debug|Any CPU.ActiveCfg = Debug|Any CPU
		{2EEEC47B-9078-4B2C-8270-7CC13CA0558D}.Debug|Any CPU.Build.0 = Debug|Any CPU
		{2EEEC47B-9078-4B2C-8270-7CC13CA0558D}.Release|Any CPU.ActiveCfg = Release|Any CPU
		{2EEEC47B-9078-4B2C-8270-7CC13CA0558D}.Release|Any CPU.Build.0 = Release|Any CPU
		{CCC7BF6E-6164-4E2A-9198-E37E8CF9454C}.Debug|Any CPU.ActiveCfg = Debug|Any CPU
		{CCC7BF6E-6164-4E2A-9198-E37E8CF9454C}.Debug|Any CPU.Build.0 = Debug|Any CPU
		{CCC7BF6E-6164-4E2A-9198-E37E8CF9454C}.Release|Any CPU.ActiveCfg = Release|Any CPU
		{CCC7BF6E-6164-4E2A-9198-E37E8CF9454C}.Release|Any CPU.Build.0 = Release|Any CPU
		{AAF6C546-7B7E-4781-BCCD-969D8DE019F0}.Debug|Any CPU.ActiveCfg = Debug|Any CPU
		{AAF6C546-7B7E-4781-BCCD-969D8DE019F0}.Debug|Any CPU.Build.0 = Debug|Any CPU
		{AAF6C546-7B7E-4781-BCCD-969D8DE019F0}.Release|Any CPU.ActiveCfg = Release|Any CPU
		{AAF6C546-7B7E-4781-BCCD-969D8DE019F0}.Release|Any CPU.Build.0 = Release|Any CPU
		{63E84B13-CE96-4DB6-AE3C-D55CC9286C4C}.Debug|Any CPU.ActiveCfg = Debug|Any CPU
		{63E84B13-CE96-4DB6-AE3C-D55CC9286C4C}.Debug|Any CPU.Build.0 = Debug|Any CPU
		{63E84B13-CE96-4DB6-AE3C-D55CC9286C4C}.Release|Any CPU.ActiveCfg = Release|Any CPU
		{63E84B13-CE96-4DB6-AE3C-D55CC9286C4C}.Release|Any CPU.Build.0 = Release|Any CPU
		{F4D9BE7F-7506-4B2B-B8C4-528CBBFB9ADD}.Debug|Any CPU.ActiveCfg = Debug|Any CPU
		{F4D9BE7F-7506-4B2B-B8C4-528CBBFB9ADD}.Debug|Any CPU.Build.0 = Debug|Any CPU
		{F4D9BE7F-7506-4B2B-B8C4-528CBBFB9ADD}.Release|Any CPU.ActiveCfg = Release|Any CPU
		{F4D9BE7F-7506-4B2B-B8C4-528CBBFB9ADD}.Release|Any CPU.Build.0 = Release|Any CPU
		{A96FEE5A-2C0D-4A5F-BDBF-8D9217C00C68}.Debug|Any CPU.ActiveCfg = Debug|Any CPU
		{A96FEE5A-2C0D-4A5F-BDBF-8D9217C00C68}.Debug|Any CPU.Build.0 = Debug|Any CPU
		{A96FEE5A-2C0D-4A5F-BDBF-8D9217C00C68}.Release|Any CPU.ActiveCfg = Release|Any CPU
		{A96FEE5A-2C0D-4A5F-BDBF-8D9217C00C68}.Release|Any CPU.Build.0 = Release|Any CPU
		{88C2F6BD-6463-44B7-AEAE-59B2648725B9}.Debug|Any CPU.ActiveCfg = Debug|Any CPU
		{88C2F6BD-6463-44B7-AEAE-59B2648725B9}.Debug|Any CPU.Build.0 = Debug|Any CPU
		{88C2F6BD-6463-44B7-AEAE-59B2648725B9}.Release|Any CPU.ActiveCfg = Release|Any CPU
		{88C2F6BD-6463-44B7-AEAE-59B2648725B9}.Release|Any CPU.Build.0 = Release|Any CPU
		{130BCBF6-1101-4C3D-9BAF-A798B8F72F1B}.Debug|Any CPU.ActiveCfg = Debug|Any CPU
		{130BCBF6-1101-4C3D-9BAF-A798B8F72F1B}.Debug|Any CPU.Build.0 = Debug|Any CPU
		{130BCBF6-1101-4C3D-9BAF-A798B8F72F1B}.Release|Any CPU.ActiveCfg = Release|Any CPU
		{130BCBF6-1101-4C3D-9BAF-A798B8F72F1B}.Release|Any CPU.Build.0 = Release|Any CPU
		{F2FFA17D-4081-402D-B62C-ED0902CB8744}.Debug|Any CPU.ActiveCfg = Debug|Any CPU
		{F2FFA17D-4081-402D-B62C-ED0902CB8744}.Debug|Any CPU.Build.0 = Debug|Any CPU
		{F2FFA17D-4081-402D-B62C-ED0902CB8744}.Release|Any CPU.ActiveCfg = Release|Any CPU
		{F2FFA17D-4081-402D-B62C-ED0902CB8744}.Release|Any CPU.Build.0 = Release|Any CPU
		{2EDE05D4-EA78-4C05-85D1-4DFBA09A6942}.Debug|Any CPU.ActiveCfg = Debug|Any CPU
		{2EDE05D4-EA78-4C05-85D1-4DFBA09A6942}.Debug|Any CPU.Build.0 = Debug|Any CPU
		{2EDE05D4-EA78-4C05-85D1-4DFBA09A6942}.Release|Any CPU.ActiveCfg = Release|Any CPU
		{2EDE05D4-EA78-4C05-85D1-4DFBA09A6942}.Release|Any CPU.Build.0 = Release|Any CPU
		{CD4164CC-D90F-44D1-B3EB-FC761972864B}.Debug|Any CPU.ActiveCfg = Debug|Any CPU
		{CD4164CC-D90F-44D1-B3EB-FC761972864B}.Debug|Any CPU.Build.0 = Debug|Any CPU
		{CD4164CC-D90F-44D1-B3EB-FC761972864B}.Release|Any CPU.ActiveCfg = Release|Any CPU
		{CD4164CC-D90F-44D1-B3EB-FC761972864B}.Release|Any CPU.Build.0 = Release|Any CPU
		{CF735633-730B-4EC4-9BC3-FC980D9EB4B3}.Debug|Any CPU.ActiveCfg = Debug|Any CPU
		{CF735633-730B-4EC4-9BC3-FC980D9EB4B3}.Debug|Any CPU.Build.0 = Debug|Any CPU
		{CF735633-730B-4EC4-9BC3-FC980D9EB4B3}.Release|Any CPU.ActiveCfg = Release|Any CPU
		{CF735633-730B-4EC4-9BC3-FC980D9EB4B3}.Release|Any CPU.Build.0 = Release|Any CPU
	EndGlobalSection
	GlobalSection(SolutionProperties) = preSolution
		HideSolutionNode = FALSE
	EndGlobalSection
	GlobalSection(NestedProjects) = preSolution
		{C0DB4441-9658-45B3-9685-B4A5674BEAB1} = {B6C33480-69DA-4058-8A58-5BFC563698CD}
		{9FD73FCD-3E8F-4676-A648-E7714DBF5FF2} = {ABAD8FDF-0521-4C16-A9D2-BFAAFC2934F1}
		{7483448E-0B77-45C3-80D0-0ECA27803F4E} = {ABAD8FDF-0521-4C16-A9D2-BFAAFC2934F1}
		{DEA66843-02EA-4501-92ED-2F955D172F80} = {ABAD8FDF-0521-4C16-A9D2-BFAAFC2934F1}
		{8CF0AE2C-448F-4FC9-B97A-EA9F1F97DB73} = {2A03F4C8-6A9D-4EC2-B59C-A65200D4AA3E}
		{8CE459AA-FAC6-40B7-A8A0-7DF2A9ACC794} = {2A03F4C8-6A9D-4EC2-B59C-A65200D4AA3E}
		{BADD66A9-4830-4F35-B88E-F6CD96AF5373} = {B6C33480-69DA-4058-8A58-5BFC563698CD}
		{D14DDEC8-C8C9-47FA-BD37-6710C8E6B208} = {F62DEF91-E620-4445-B80E-52BB4330EF0C}
		{3138FBCD-3F38-43AD-A398-853E26260E22} = {F62DEF91-E620-4445-B80E-52BB4330EF0C}
		{8C7173B9-301B-42DB-B935-44607CE430B1} = {03D199D1-4DEE-4ABB-952D-1518F0F13CB1}
		{03D199D1-4DEE-4ABB-952D-1518F0F13CB1} = {ABE3F250-E775-4B55-A16F-7372962D34BE}
		{9336B96C-6DF1-41CC-B359-22C3E90A3AAE} = {03D199D1-4DEE-4ABB-952D-1518F0F13CB1}
		{04E10C65-0D60-409E-8B01-A997193DA0D7} = {F62DEF91-E620-4445-B80E-52BB4330EF0C}
		{02486227-18CE-4979-A690-8B32E5AF4DA3} = {04E10C65-0D60-409E-8B01-A997193DA0D7}
		{64740A63-271B-4AB4-9832-FA8636049913} = {A3D04DDE-00C7-4107-9863-C76FC7C552E8}
		{FC704C1B-8814-4FD2-BBA2-249A543221BC} = {29940C21-CD8C-4523-87E5-F3D67EE8C1EF}
		{2EEEC47B-9078-4B2C-8270-7CC13CA0558D} = {29940C21-CD8C-4523-87E5-F3D67EE8C1EF}
		{CCC7BF6E-6164-4E2A-9198-E37E8CF9454C} = {29940C21-CD8C-4523-87E5-F3D67EE8C1EF}
		{AAF6C546-7B7E-4781-BCCD-969D8DE019F0} = {29940C21-CD8C-4523-87E5-F3D67EE8C1EF}
		{63E84B13-CE96-4DB6-AE3C-D55CC9286C4C} = {29940C21-CD8C-4523-87E5-F3D67EE8C1EF}
		{F4D9BE7F-7506-4B2B-B8C4-528CBBFB9ADD} = {03D199D1-4DEE-4ABB-952D-1518F0F13CB1}
		{A96FEE5A-2C0D-4A5F-BDBF-8D9217C00C68} = {ABE3F250-E775-4B55-A16F-7372962D34BE}
		{88C2F6BD-6463-44B7-AEAE-59B2648725B9} = {ABE3F250-E775-4B55-A16F-7372962D34BE}
		{130BCBF6-1101-4C3D-9BAF-A798B8F72F1B} = {ABE3F250-E775-4B55-A16F-7372962D34BE}
		{F2FFA17D-4081-402D-B62C-ED0902CB8744} = {ABE3F250-E775-4B55-A16F-7372962D34BE}
		{29940C21-CD8C-4523-87E5-F3D67EE8C1EF} = {F62DEF91-E620-4445-B80E-52BB4330EF0C}
		{ABE3F250-E775-4B55-A16F-7372962D34BE} = {F62DEF91-E620-4445-B80E-52BB4330EF0C}
		{A3D04DDE-00C7-4107-9863-C76FC7C552E8} = {F62DEF91-E620-4445-B80E-52BB4330EF0C}
		{2EDE05D4-EA78-4C05-85D1-4DFBA09A6942} = {F62DEF91-E620-4445-B80E-52BB4330EF0C}
		{CD4164CC-D90F-44D1-B3EB-FC761972864B} = {F62DEF91-E620-4445-B80E-52BB4330EF0C}
		{CF735633-730B-4EC4-9BC3-FC980D9EB4B3} = {F62DEF91-E620-4445-B80E-52BB4330EF0C}
	EndGlobalSection
	GlobalSection(ExtensibilityGlobals) = postSolution
		SolutionGuid = {30179BD1-8B92-4DD5-ABFB-055C53F8A059}
	EndGlobalSection
EndGlobal
